// !$*UTF8*$!
{
	archiveVersion = 1;
	classes = {
	};
	objectVersion = 48;
	objects = {

/* Begin PBXBuildFile section */
		4750991A204D1344009E854D /* AddStageInsideVC.swift in Sources */ = {isa = PBXBuildFile; fileRef = 4750990B204D1344009E854D /* AddStageInsideVC.swift */; };
		4750991B204D1344009E854D /* AnnotationPin.swift in Sources */ = {isa = PBXBuildFile; fileRef = 4750990C204D1344009E854D /* AnnotationPin.swift */; };
		4750991C204D1344009E854D /* engineerViewVC.swift in Sources */ = {isa = PBXBuildFile; fileRef = 4750990D204D1344009E854D /* engineerViewVC.swift */; };
		4750991D204D1344009E854D /* InsideProjectVC.swift in Sources */ = {isa = PBXBuildFile; fileRef = 4750990E204D1344009E854D /* InsideProjectVC.swift */; };
		4750991E204D1344009E854D /* ProjectsVC.swift in Sources */ = {isa = PBXBuildFile; fileRef = 4750990F204D1344009E854D /* ProjectsVC.swift */; };
		4750991F204D1344009E854D /* VideoLoadingVC.swift in Sources */ = {isa = PBXBuildFile; fileRef = 47509910204D1344009E854D /* VideoLoadingVC.swift */; };
		47509920204D1344009E854D /* introVC.swift in Sources */ = {isa = PBXBuildFile; fileRef = 47509912204D1344009E854D /* introVC.swift */; };
		47509921204D1344009E854D /* LoginPart.swift in Sources */ = {isa = PBXBuildFile; fileRef = 47509913204D1344009E854D /* LoginPart.swift */; };
		47509922204D1344009E854D /* LoginVC.swift in Sources */ = {isa = PBXBuildFile; fileRef = 47509914204D1344009E854D /* LoginVC.swift */; };
		47509923204D1344009E854D /* LoginVO.swift in Sources */ = {isa = PBXBuildFile; fileRef = 47509915204D1344009E854D /* LoginVO.swift */; };
		47509924204D1344009E854D /* SignINpart.swift in Sources */ = {isa = PBXBuildFile; fileRef = 47509916204D1344009E854D /* SignINpart.swift */; };
		47509925204D1344009E854D /* signupVC.swift in Sources */ = {isa = PBXBuildFile; fileRef = 47509917204D1344009E854D /* signupVC.swift */; };
		47509926204D1344009E854D /* AppDelegate.swift in Sources */ = {isa = PBXBuildFile; fileRef = 47509919204D1344009E854D /* AppDelegate.swift */; };
		47509929204D13DD009E854D /* BaseViewController.swift in Sources */ = {isa = PBXBuildFile; fileRef = 47509928204D13DD009E854D /* BaseViewController.swift */; };
		47509935204D146F009E854D /* UserDetails.swift in Sources */ = {isa = PBXBuildFile; fileRef = 47509934204D146F009E854D /* UserDetails.swift */; };
		47509939204D1528009E854D /* ForDataCatch.swift in Sources */ = {isa = PBXBuildFile; fileRef = 47509937204D1527009E854D /* ForDataCatch.swift */; };
		4750993A204D1528009E854D /* CoreDatahandler.swift in Sources */ = {isa = PBXBuildFile; fileRef = 47509938204D1528009E854D /* CoreDatahandler.swift */; };
		4750993D204D1668009E854D /* Mysite.xcdatamodeld in Sources */ = {isa = PBXBuildFile; fileRef = 4750993B204D1667009E854D /* Mysite.xcdatamodeld */; };
		47509941204D6CD3009E854D /* ProjectCollectionViewCell.swift in Sources */ = {isa = PBXBuildFile; fileRef = 47509940204D6CD2009E854D /* ProjectCollectionViewCell.swift */; };
		50967A1B202D5FF100114D8A /* Main.storyboard in Resources */ = {isa = PBXBuildFile; fileRef = 50967A19202D5FF100114D8A /* Main.storyboard */; };
		50967A1D202D5FF100114D8A /* Assets.xcassets in Resources */ = {isa = PBXBuildFile; fileRef = 50967A1C202D5FF100114D8A /* Assets.xcassets */; };
		50967A20202D5FF100114D8A /* LaunchScreen.storyboard in Resources */ = {isa = PBXBuildFile; fileRef = 50967A1E202D5FF100114D8A /* LaunchScreen.storyboard */; };
		50967A2B202D5FF100114D8A /* MysiteTests.swift in Sources */ = {isa = PBXBuildFile; fileRef = 50967A2A202D5FF100114D8A /* MysiteTests.swift */; };
		50967A36202D5FF100114D8A /* MysiteUITests.swift in Sources */ = {isa = PBXBuildFile; fileRef = 50967A35202D5FF100114D8A /* MysiteUITests.swift */; };
		50967A46202D64EE00114D8A /* fonts in Resources */ = {isa = PBXBuildFile; fileRef = 50967A45202D64EE00114D8A /* fonts */; };
		509771A42049EF3F0051B9E9 /* Pods_MysiteTests.framework in Frameworks */ = {isa = PBXBuildFile; fileRef = E575F7DEA52E8EADF5D56907 /* Pods_MysiteTests.framework */; };
		5E053F0F9C919E22F4DA74E0 /* Pods_Mysite.framework in Frameworks */ = {isa = PBXBuildFile; fileRef = 95CF16332A917B98832D7D2C /* Pods_Mysite.framework */; };
		77FA9EACD5965C9D9BE1DC0A /* Pods_MysiteUITests.framework in Frameworks */ = {isa = PBXBuildFile; fileRef = 87261219B4AE59D95360871C /* Pods_MysiteUITests.framework */; };
		D0FBF130204C034F00919FC4 /* CoreDataHandler.swift in Sources */ = {isa = PBXBuildFile; fileRef = D0FBF12F204C034F00919FC4 /* CoreDataHandler.swift */; };
/* End PBXBuildFile section */

/* Begin PBXContainerItemProxy section */
		50967A27202D5FF100114D8A /* PBXContainerItemProxy */ = {
			isa = PBXContainerItemProxy;
			containerPortal = 50967A0A202D5FF100114D8A /* Project object */;
			proxyType = 1;
			remoteGlobalIDString = 50967A11202D5FF100114D8A;
			remoteInfo = Mysite;
		};
		50967A32202D5FF100114D8A /* PBXContainerItemProxy */ = {
			isa = PBXContainerItemProxy;
			containerPortal = 50967A0A202D5FF100114D8A /* Project object */;
			proxyType = 1;
			remoteGlobalIDString = 50967A11202D5FF100114D8A;
			remoteInfo = Mysite;
		};
/* End PBXContainerItemProxy section */

/* Begin PBXFileReference section */
		19469F21256E78E544F1ED06 /* Pods-MysiteUITests.release.xcconfig */ = {isa = PBXFileReference; includeInIndex = 1; lastKnownFileType = text.xcconfig; name = "Pods-MysiteUITests.release.xcconfig"; path = "Pods/Target Support Files/Pods-MysiteUITests/Pods-MysiteUITests.release.xcconfig"; sourceTree = "<group>"; };
		46323546D6F92A0C181CF886 /* Pods-MysiteTests.release.xcconfig */ = {isa = PBXFileReference; includeInIndex = 1; lastKnownFileType = text.xcconfig; name = "Pods-MysiteTests.release.xcconfig"; path = "Pods/Target Support Files/Pods-MysiteTests/Pods-MysiteTests.release.xcconfig"; sourceTree = "<group>"; };
		4750990B204D1344009E854D /* AddStageInsideVC.swift */ = {isa = PBXFileReference; fileEncoding = 4; lastKnownFileType = sourcecode.swift; path = AddStageInsideVC.swift; sourceTree = "<group>"; };
		4750990C204D1344009E854D /* AnnotationPin.swift */ = {isa = PBXFileReference; fileEncoding = 4; lastKnownFileType = sourcecode.swift; path = AnnotationPin.swift; sourceTree = "<group>"; };
		4750990D204D1344009E854D /* engineerViewVC.swift */ = {isa = PBXFileReference; fileEncoding = 4; lastKnownFileType = sourcecode.swift; path = engineerViewVC.swift; sourceTree = "<group>"; };
		4750990E204D1344009E854D /* InsideProjectVC.swift */ = {isa = PBXFileReference; fileEncoding = 4; lastKnownFileType = sourcecode.swift; path = InsideProjectVC.swift; sourceTree = "<group>"; };
		4750990F204D1344009E854D /* ProjectsVC.swift */ = {isa = PBXFileReference; fileEncoding = 4; lastKnownFileType = sourcecode.swift; path = ProjectsVC.swift; sourceTree = "<group>"; };
		47509910204D1344009E854D /* VideoLoadingVC.swift */ = {isa = PBXFileReference; fileEncoding = 4; lastKnownFileType = sourcecode.swift; path = VideoLoadingVC.swift; sourceTree = "<group>"; };
		47509912204D1344009E854D /* introVC.swift */ = {isa = PBXFileReference; fileEncoding = 4; lastKnownFileType = sourcecode.swift; path = introVC.swift; sourceTree = "<group>"; };
		47509913204D1344009E854D /* LoginPart.swift */ = {isa = PBXFileReference; fileEncoding = 4; lastKnownFileType = sourcecode.swift; path = LoginPart.swift; sourceTree = "<group>"; };
		47509914204D1344009E854D /* LoginVC.swift */ = {isa = PBXFileReference; fileEncoding = 4; lastKnownFileType = sourcecode.swift; path = LoginVC.swift; sourceTree = "<group>"; };
		47509915204D1344009E854D /* LoginVO.swift */ = {isa = PBXFileReference; fileEncoding = 4; lastKnownFileType = sourcecode.swift; path = LoginVO.swift; sourceTree = "<group>"; };
		47509916204D1344009E854D /* SignINpart.swift */ = {isa = PBXFileReference; fileEncoding = 4; lastKnownFileType = sourcecode.swift; path = SignINpart.swift; sourceTree = "<group>"; };
		47509917204D1344009E854D /* signupVC.swift */ = {isa = PBXFileReference; fileEncoding = 4; lastKnownFileType = sourcecode.swift; path = signupVC.swift; sourceTree = "<group>"; };
		47509919204D1344009E854D /* AppDelegate.swift */ = {isa = PBXFileReference; fileEncoding = 4; lastKnownFileType = sourcecode.swift; path = AppDelegate.swift; sourceTree = "<group>"; };
		47509928204D13DD009E854D /* BaseViewController.swift */ = {isa = PBXFileReference; fileEncoding = 4; lastKnownFileType = sourcecode.swift; path = BaseViewController.swift; sourceTree = "<group>"; };
		47509934204D146F009E854D /* UserDetails.swift */ = {isa = PBXFileReference; fileEncoding = 4; lastKnownFileType = sourcecode.swift; path = UserDetails.swift; sourceTree = "<group>"; };
		47509937204D1527009E854D /* ForDataCatch.swift */ = {isa = PBXFileReference; fileEncoding = 4; lastKnownFileType = sourcecode.swift; path = ForDataCatch.swift; sourceTree = "<group>"; };
		47509938204D1528009E854D /* CoreDatahandler.swift */ = {isa = PBXFileReference; fileEncoding = 4; lastKnownFileType = sourcecode.swift; path = CoreDatahandler.swift; sourceTree = "<group>"; };
		4750993C204D1667009E854D /* Mysite.xcdatamodel */ = {isa = PBXFileReference; lastKnownFileType = wrapper.xcdatamodel; path = Mysite.xcdatamodel; sourceTree = "<group>"; };
		47509940204D6CD2009E854D /* ProjectCollectionViewCell.swift */ = {isa = PBXFileReference; fileEncoding = 4; lastKnownFileType = sourcecode.swift; path = ProjectCollectionViewCell.swift; sourceTree = "<group>"; };
		50967A12202D5FF100114D8A /* Mysite.app */ = {isa = PBXFileReference; explicitFileType = wrapper.application; includeInIndex = 0; path = Mysite.app; sourceTree = BUILT_PRODUCTS_DIR; };
		50967A1A202D5FF100114D8A /* Base */ = {isa = PBXFileReference; lastKnownFileType = file.storyboard; name = Base; path = Base.lproj/Main.storyboard; sourceTree = "<group>"; };
		50967A1C202D5FF100114D8A /* Assets.xcassets */ = {isa = PBXFileReference; lastKnownFileType = folder.assetcatalog; path = Assets.xcassets; sourceTree = "<group>"; };
		50967A1F202D5FF100114D8A /* Base */ = {isa = PBXFileReference; lastKnownFileType = file.storyboard; name = Base; path = Base.lproj/LaunchScreen.storyboard; sourceTree = "<group>"; };
		50967A21202D5FF100114D8A /* Info.plist */ = {isa = PBXFileReference; lastKnownFileType = text.plist.xml; path = Info.plist; sourceTree = "<group>"; };
		50967A26202D5FF100114D8A /* MysiteTests.xctest */ = {isa = PBXFileReference; explicitFileType = wrapper.cfbundle; includeInIndex = 0; path = MysiteTests.xctest; sourceTree = BUILT_PRODUCTS_DIR; };
		50967A2A202D5FF100114D8A /* MysiteTests.swift */ = {isa = PBXFileReference; lastKnownFileType = sourcecode.swift; path = MysiteTests.swift; sourceTree = "<group>"; };
		50967A2C202D5FF100114D8A /* Info.plist */ = {isa = PBXFileReference; lastKnownFileType = text.plist.xml; path = Info.plist; sourceTree = "<group>"; };
		50967A31202D5FF100114D8A /* MysiteUITests.xctest */ = {isa = PBXFileReference; explicitFileType = wrapper.cfbundle; includeInIndex = 0; path = MysiteUITests.xctest; sourceTree = BUILT_PRODUCTS_DIR; };
		50967A35202D5FF100114D8A /* MysiteUITests.swift */ = {isa = PBXFileReference; lastKnownFileType = sourcecode.swift; path = MysiteUITests.swift; sourceTree = "<group>"; };
		50967A37202D5FF100114D8A /* Info.plist */ = {isa = PBXFileReference; lastKnownFileType = text.plist.xml; path = Info.plist; sourceTree = "<group>"; };
		50967A45202D64EE00114D8A /* fonts */ = {isa = PBXFileReference; lastKnownFileType = folder; path = fonts; sourceTree = SOURCE_ROOT; };
		509771A72049F24D0051B9E9 /* project.xcworkspace */ = {isa = PBXFileReference; lastKnownFileType = wrapper.workspace; name = project.xcworkspace; path = Mysite.xcodeproj/project.xcworkspace; sourceTree = "<group>"; };
		5F7E75850C7AEC753B14C548 /* Pods-MysiteTests.debug.xcconfig */ = {isa = PBXFileReference; includeInIndex = 1; lastKnownFileType = text.xcconfig; name = "Pods-MysiteTests.debug.xcconfig"; path = "Pods/Target Support Files/Pods-MysiteTests/Pods-MysiteTests.debug.xcconfig"; sourceTree = "<group>"; };
		64EA6ADD2152FA5E784EF194 /* Pods-Mysite.debug.xcconfig */ = {isa = PBXFileReference; includeInIndex = 1; lastKnownFileType = text.xcconfig; name = "Pods-Mysite.debug.xcconfig"; path = "Pods/Target Support Files/Pods-Mysite/Pods-Mysite.debug.xcconfig"; sourceTree = "<group>"; };
		87261219B4AE59D95360871C /* Pods_MysiteUITests.framework */ = {isa = PBXFileReference; explicitFileType = wrapper.framework; includeInIndex = 0; path = Pods_MysiteUITests.framework; sourceTree = BUILT_PRODUCTS_DIR; };
		8BB9B931493F58241BEC8A46 /* Pods-Mysite.release.xcconfig */ = {isa = PBXFileReference; includeInIndex = 1; lastKnownFileType = text.xcconfig; name = "Pods-Mysite.release.xcconfig"; path = "Pods/Target Support Files/Pods-Mysite/Pods-Mysite.release.xcconfig"; sourceTree = "<group>"; };
		95CF16332A917B98832D7D2C /* Pods_Mysite.framework */ = {isa = PBXFileReference; explicitFileType = wrapper.framework; includeInIndex = 0; path = Pods_Mysite.framework; sourceTree = BUILT_PRODUCTS_DIR; };
		A77B392F8CF70DB9E02D94E2 /* Pods-MysiteUITests.debug.xcconfig */ = {isa = PBXFileReference; includeInIndex = 1; lastKnownFileType = text.xcconfig; name = "Pods-MysiteUITests.debug.xcconfig"; path = "Pods/Target Support Files/Pods-MysiteUITests/Pods-MysiteUITests.debug.xcconfig"; sourceTree = "<group>"; };
		D0FBF12F204C034F00919FC4 /* CoreDataHandler.swift */ = {isa = PBXFileReference; fileEncoding = 4; lastKnownFileType = sourcecode.swift; path = CoreDataHandler.swift; sourceTree = "<group>"; };
		E575F7DEA52E8EADF5D56907 /* Pods_MysiteTests.framework */ = {isa = PBXFileReference; explicitFileType = wrapper.framework; includeInIndex = 0; path = Pods_MysiteTests.framework; sourceTree = BUILT_PRODUCTS_DIR; };
/* End PBXFileReference section */

/* Begin PBXFrameworksBuildPhase section */
		50967A0F202D5FF100114D8A /* Frameworks */ = {
			isa = PBXFrameworksBuildPhase;
			buildActionMask = 2147483647;
			files = (
				5E053F0F9C919E22F4DA74E0 /* Pods_Mysite.framework in Frameworks */,
			);
			runOnlyForDeploymentPostprocessing = 0;
		};
		50967A23202D5FF100114D8A /* Frameworks */ = {
			isa = PBXFrameworksBuildPhase;
			buildActionMask = 2147483647;
			files = (
				509771A42049EF3F0051B9E9 /* Pods_MysiteTests.framework in Frameworks */,
			);
			runOnlyForDeploymentPostprocessing = 0;
		};
		50967A2E202D5FF100114D8A /* Frameworks */ = {
			isa = PBXFrameworksBuildPhase;
			buildActionMask = 2147483647;
			files = (
				77FA9EACD5965C9D9BE1DC0A /* Pods_MysiteUITests.framework in Frameworks */,
			);
			runOnlyForDeploymentPostprocessing = 0;
		};
/* End PBXFrameworksBuildPhase section */

/* Begin PBXGroup section */
		383095ED959FAE663B47CC74 /* Pods */ = {
			isa = PBXGroup;
			children = (
				64EA6ADD2152FA5E784EF194 /* Pods-Mysite.debug.xcconfig */,
				8BB9B931493F58241BEC8A46 /* Pods-Mysite.release.xcconfig */,
				5F7E75850C7AEC753B14C548 /* Pods-MysiteTests.debug.xcconfig */,
				46323546D6F92A0C181CF886 /* Pods-MysiteTests.release.xcconfig */,
				A77B392F8CF70DB9E02D94E2 /* Pods-MysiteUITests.debug.xcconfig */,
				19469F21256E78E544F1ED06 /* Pods-MysiteUITests.release.xcconfig */,
			);
			name = Pods;
			sourceTree = "<group>";
		};
		47509909204D1344009E854D /* ViewControllers */ = {
			isa = PBXGroup;
			children = (
				47509927204D13DD009E854D /* BaseClass */,
				47509911204D1344009E854D /* UserManagement */,
				4750990A204D1344009E854D /* App */,
			);
			path = ViewControllers;
			sourceTree = "<group>";
		};
		4750990A204D1344009E854D /* App */ = {
			isa = PBXGroup;
			children = (
				4750990B204D1344009E854D /* AddStageInsideVC.swift */,
				4750990C204D1344009E854D /* AnnotationPin.swift */,
				4750990D204D1344009E854D /* engineerViewVC.swift */,
				4750990E204D1344009E854D /* InsideProjectVC.swift */,
				4750990F204D1344009E854D /* ProjectsVC.swift */,
				47509940204D6CD2009E854D /* ProjectCollectionViewCell.swift */,
				47509910204D1344009E854D /* VideoLoadingVC.swift */,
			);
			path = App;
			sourceTree = "<group>";
		};
		47509911204D1344009E854D /* UserManagement */ = {
			isa = PBXGroup;
			children = (
				47509912204D1344009E854D /* introVC.swift */,
				47509913204D1344009E854D /* LoginPart.swift */,
				47509914204D1344009E854D /* LoginVC.swift */,
				47509915204D1344009E854D /* LoginVO.swift */,
				47509916204D1344009E854D /* SignINpart.swift */,
				47509917204D1344009E854D /* signupVC.swift */,
			);
			path = UserManagement;
			sourceTree = "<group>";
		};
		47509918204D1344009E854D /* AppDelegate */ = {
			isa = PBXGroup;
			children = (
				47509919204D1344009E854D /* AppDelegate.swift */,
			);
			path = AppDelegate;
			sourceTree = "<group>";
		};
		47509927204D13DD009E854D /* BaseClass */ = {
			isa = PBXGroup;
			children = (
				47509928204D13DD009E854D /* BaseViewController.swift */,
			);
			path = BaseClass;
			sourceTree = "<group>";
		};
		4750992A204D1449009E854D /* CoreDataModel */ = {
			isa = PBXGroup;
			children = (
				4750992B204D1449009E854D /* DataModel */,
				4750992E204D1449009E854D /* ModelClasses */,
			);
			path = CoreDataModel;
			sourceTree = "<group>";
		};
		4750992B204D1449009E854D /* DataModel */ = {
			isa = PBXGroup;
			children = (
			);
			path = DataModel;
			sourceTree = "<group>";
		};
		4750992E204D1449009E854D /* ModelClasses */ = {
			isa = PBXGroup;
			children = (
				47509933204D146F009E854D /* UserDetails */,
			);
			path = ModelClasses;
			sourceTree = "<group>";
		};
		47509933204D146F009E854D /* UserDetails */ = {
			isa = PBXGroup;
			children = (
				47509934204D146F009E854D /* UserDetails.swift */,
			);
			path = UserDetails;
			sourceTree = "<group>";
		};
		50967A09202D5FF100114D8A = {
			isa = PBXGroup;
			children = (
				4750993B204D1667009E854D /* Mysite.xcdatamodeld */,
				50967A14202D5FF100114D8A /* Mysite */,
				50967A1C202D5FF100114D8A /* Assets.xcassets */,
				50967A29202D5FF100114D8A /* MysiteTests */,
				50967A34202D5FF100114D8A /* MysiteUITests */,
				50967A13202D5FF100114D8A /* Products */,
				383095ED959FAE663B47CC74 /* Pods */,
				E56262E6F848102D227FCD15 /* Frameworks */,
			);
			sourceTree = "<group>";
		};
		50967A13202D5FF100114D8A /* Products */ = {
			isa = PBXGroup;
			children = (
				50967A12202D5FF100114D8A /* Mysite.app */,
				50967A26202D5FF100114D8A /* MysiteTests.xctest */,
				50967A31202D5FF100114D8A /* MysiteUITests.xctest */,
			);
			name = Products;
			sourceTree = "<group>";
		};
		50967A14202D5FF100114D8A /* Mysite */ = {
			isa = PBXGroup;
			children = (
				47509918204D1344009E854D /* AppDelegate */,
				47509909204D1344009E854D /* ViewControllers */,
				4750992A204D1449009E854D /* CoreDataModel */,
				D0FBF12D204C034F00919FC4 /* Helpers */,
				50967A19202D5FF100114D8A /* Main.storyboard */,
				50967A1E202D5FF100114D8A /* LaunchScreen.storyboard */,
				50967A21202D5FF100114D8A /* Info.plist */,
				47509938204D1528009E854D /* CoreDatahandler.swift */,
				47509937204D1527009E854D /* ForDataCatch.swift */,
				50967A45202D64EE00114D8A /* fonts */,
			);
			path = Mysite;
			sourceTree = "<group>";
		};
		50967A29202D5FF100114D8A /* MysiteTests */ = {
			isa = PBXGroup;
			children = (
				50967A2A202D5FF100114D8A /* MysiteTests.swift */,
				50967A2C202D5FF100114D8A /* Info.plist */,
			);
			path = MysiteTests;
			sourceTree = "<group>";
		};
		50967A34202D5FF100114D8A /* MysiteUITests */ = {
			isa = PBXGroup;
			children = (
				50967A35202D5FF100114D8A /* MysiteUITests.swift */,
				50967A37202D5FF100114D8A /* Info.plist */,
			);
			path = MysiteUITests;
			sourceTree = "<group>";
		};
		D0FBF12D204C034F00919FC4 /* Helpers */ = {
			isa = PBXGroup;
			children = (
				D0FBF12E204C034F00919FC4 /* CoreDataHandler */,
			);
			path = Helpers;
			sourceTree = "<group>";
		};
		D0FBF12E204C034F00919FC4 /* CoreDataHandler */ = {
			isa = PBXGroup;
			children = (
				D0FBF12F204C034F00919FC4 /* CoreDataHandler.swift */,
			);
			path = CoreDataHandler;
			sourceTree = "<group>";
		};
		E56262E6F848102D227FCD15 /* Frameworks */ = {
			isa = PBXGroup;
			children = (
				509771A72049F24D0051B9E9 /* project.xcworkspace */,
				95CF16332A917B98832D7D2C /* Pods_Mysite.framework */,
				E575F7DEA52E8EADF5D56907 /* Pods_MysiteTests.framework */,
				87261219B4AE59D95360871C /* Pods_MysiteUITests.framework */,
			);
			name = Frameworks;
			sourceTree = "<group>";
		};
/* End PBXGroup section */

/* Begin PBXNativeTarget section */
		50967A11202D5FF100114D8A /* Mysite */ = {
			isa = PBXNativeTarget;
			buildConfigurationList = 50967A3A202D5FF100114D8A /* Build configuration list for PBXNativeTarget "Mysite" */;
			buildPhases = (
				D7409AF4AC29F0B65295331A /* [CP] Check Pods Manifest.lock */,
				50967A0E202D5FF100114D8A /* Sources */,
				50967A0F202D5FF100114D8A /* Frameworks */,
				50967A10202D5FF100114D8A /* Resources */,
				80EFC2A00793E684199544BA /* [CP] Embed Pods Frameworks */,
				A97CE287FDD8EC6A9F828D83 /* [CP] Copy Pods Resources */,
			);
			buildRules = (
			);
			dependencies = (
			);
			name = Mysite;
			productName = Mysite;
			productReference = 50967A12202D5FF100114D8A /* Mysite.app */;
			productType = "com.apple.product-type.application";
		};
		50967A25202D5FF100114D8A /* MysiteTests */ = {
			isa = PBXNativeTarget;
			buildConfigurationList = 50967A3D202D5FF100114D8A /* Build configuration list for PBXNativeTarget "MysiteTests" */;
			buildPhases = (
				26A64268A77AF4B22E4F97EF /* [CP] Check Pods Manifest.lock */,
				50967A22202D5FF100114D8A /* Sources */,
				50967A23202D5FF100114D8A /* Frameworks */,
				50967A24202D5FF100114D8A /* Resources */,
				54E803B4F9074096E48C7975 /* [CP] Embed Pods Frameworks */,
				8FC8BBD5D452796CE5AEC3CA /* [CP] Copy Pods Resources */,
			);
			buildRules = (
			);
			dependencies = (
				50967A28202D5FF100114D8A /* PBXTargetDependency */,
			);
			name = MysiteTests;
			productName = MysiteTests;
			productReference = 50967A26202D5FF100114D8A /* MysiteTests.xctest */;
			productType = "com.apple.product-type.bundle.unit-test";
		};
		50967A30202D5FF100114D8A /* MysiteUITests */ = {
			isa = PBXNativeTarget;
			buildConfigurationList = 50967A40202D5FF100114D8A /* Build configuration list for PBXNativeTarget "MysiteUITests" */;
			buildPhases = (
				34006995814C447630B51733 /* [CP] Check Pods Manifest.lock */,
				50967A2D202D5FF100114D8A /* Sources */,
				50967A2E202D5FF100114D8A /* Frameworks */,
				50967A2F202D5FF100114D8A /* Resources */,
				D3E2980385DAC70084228553 /* [CP] Embed Pods Frameworks */,
				F0289F960283386F3ADD8D87 /* [CP] Copy Pods Resources */,
			);
			buildRules = (
			);
			dependencies = (
				50967A33202D5FF100114D8A /* PBXTargetDependency */,
			);
			name = MysiteUITests;
			productName = MysiteUITests;
			productReference = 50967A31202D5FF100114D8A /* MysiteUITests.xctest */;
			productType = "com.apple.product-type.bundle.ui-testing";
		};
/* End PBXNativeTarget section */

/* Begin PBXProject section */
		50967A0A202D5FF100114D8A /* Project object */ = {
			isa = PBXProject;
			attributes = {
				LastSwiftUpdateCheck = 0920;
				LastUpgradeCheck = 0920;
				ORGANIZATIONNAME = CodeDady;
				TargetAttributes = {
					50967A11202D5FF100114D8A = {
						CreatedOnToolsVersion = 9.2;
						ProvisioningStyle = Automatic;
					};
					50967A25202D5FF100114D8A = {
						CreatedOnToolsVersion = 9.2;
						ProvisioningStyle = Automatic;
						TestTargetID = 50967A11202D5FF100114D8A;
					};
					50967A30202D5FF100114D8A = {
						CreatedOnToolsVersion = 9.2;
						ProvisioningStyle = Automatic;
						TestTargetID = 50967A11202D5FF100114D8A;
					};
				};
			};
			buildConfigurationList = 50967A0D202D5FF100114D8A /* Build configuration list for PBXProject "Mysite" */;
			compatibilityVersion = "Xcode 8.0";
			developmentRegion = en;
			hasScannedForEncodings = 0;
			knownRegions = (
				en,
				Base,
			);
			mainGroup = 50967A09202D5FF100114D8A;
			productRefGroup = 50967A13202D5FF100114D8A /* Products */;
			projectDirPath = "";
			projectRoot = "";
			targets = (
				50967A11202D5FF100114D8A /* Mysite */,
				50967A25202D5FF100114D8A /* MysiteTests */,
				50967A30202D5FF100114D8A /* MysiteUITests */,
			);
		};
/* End PBXProject section */

/* Begin PBXResourcesBuildPhase section */
		50967A10202D5FF100114D8A /* Resources */ = {
			isa = PBXResourcesBuildPhase;
			buildActionMask = 2147483647;
			files = (
				50967A20202D5FF100114D8A /* LaunchScreen.storyboard in Resources */,
				50967A1D202D5FF100114D8A /* Assets.xcassets in Resources */,
				50967A1B202D5FF100114D8A /* Main.storyboard in Resources */,
				50967A46202D64EE00114D8A /* fonts in Resources */,
			);
			runOnlyForDeploymentPostprocessing = 0;
		};
		50967A24202D5FF100114D8A /* Resources */ = {
			isa = PBXResourcesBuildPhase;
			buildActionMask = 2147483647;
			files = (
			);
			runOnlyForDeploymentPostprocessing = 0;
		};
		50967A2F202D5FF100114D8A /* Resources */ = {
			isa = PBXResourcesBuildPhase;
			buildActionMask = 2147483647;
			files = (
			);
			runOnlyForDeploymentPostprocessing = 0;
		};
/* End PBXResourcesBuildPhase section */

/* Begin PBXShellScriptBuildPhase section */
		26A64268A77AF4B22E4F97EF /* [CP] Check Pods Manifest.lock */ = {
			isa = PBXShellScriptBuildPhase;
			buildActionMask = 2147483647;
			files = (
			);
			inputPaths = (
				"${PODS_PODFILE_DIR_PATH}/Podfile.lock",
				"${PODS_ROOT}/Manifest.lock",
			);
			name = "[CP] Check Pods Manifest.lock";
			outputPaths = (
				"$(DERIVED_FILE_DIR)/Pods-MysiteTests-checkManifestLockResult.txt",
			);
			runOnlyForDeploymentPostprocessing = 0;
			shellPath = /bin/sh;
			shellScript = "diff \"${PODS_PODFILE_DIR_PATH}/Podfile.lock\" \"${PODS_ROOT}/Manifest.lock\" > /dev/null\nif [ $? != 0 ] ; then\n    # print error to STDERR\n    echo \"error: The sandbox is not in sync with the Podfile.lock. Run 'pod install' or update your CocoaPods installation.\" >&2\n    exit 1\nfi\n# This output is used by Xcode 'outputs' to avoid re-running this script phase.\necho \"SUCCESS\" > \"${SCRIPT_OUTPUT_FILE_0}\"\n";
			showEnvVarsInLog = 0;
		};
		34006995814C447630B51733 /* [CP] Check Pods Manifest.lock */ = {
			isa = PBXShellScriptBuildPhase;
			buildActionMask = 2147483647;
			files = (
			);
			inputPaths = (
				"${PODS_PODFILE_DIR_PATH}/Podfile.lock",
				"${PODS_ROOT}/Manifest.lock",
			);
			name = "[CP] Check Pods Manifest.lock";
			outputPaths = (
				"$(DERIVED_FILE_DIR)/Pods-MysiteUITests-checkManifestLockResult.txt",
			);
			runOnlyForDeploymentPostprocessing = 0;
			shellPath = /bin/sh;
			shellScript = "diff \"${PODS_PODFILE_DIR_PATH}/Podfile.lock\" \"${PODS_ROOT}/Manifest.lock\" > /dev/null\nif [ $? != 0 ] ; then\n    # print error to STDERR\n    echo \"error: The sandbox is not in sync with the Podfile.lock. Run 'pod install' or update your CocoaPods installation.\" >&2\n    exit 1\nfi\n# This output is used by Xcode 'outputs' to avoid re-running this script phase.\necho \"SUCCESS\" > \"${SCRIPT_OUTPUT_FILE_0}\"\n";
			showEnvVarsInLog = 0;
		};
		54E803B4F9074096E48C7975 /* [CP] Embed Pods Frameworks */ = {
			isa = PBXShellScriptBuildPhase;
			buildActionMask = 2147483647;
			files = (
			);
			inputPaths = (
			);
			name = "[CP] Embed Pods Frameworks";
			outputPaths = (
			);
			runOnlyForDeploymentPostprocessing = 0;
			shellPath = /bin/sh;
			shellScript = "\"${SRCROOT}/Pods/Target Support Files/Pods-MysiteTests/Pods-MysiteTests-frameworks.sh\"\n";
			showEnvVarsInLog = 0;
		};
		80EFC2A00793E684199544BA /* [CP] Embed Pods Frameworks */ = {
			isa = PBXShellScriptBuildPhase;
			buildActionMask = 2147483647;
			files = (
			);
			inputPaths = (
				"${SRCROOT}/Pods/Target Support Files/Pods-Mysite/Pods-Mysite-frameworks.sh",
				"${BUILT_PRODUCTS_DIR}/IQKeyboardManagerSwift/IQKeyboardManagerSwift.framework",
				"${BUILT_PRODUCTS_DIR}/SideMenu/SideMenu.framework",
			);
			name = "[CP] Embed Pods Frameworks";
			outputPaths = (
				"${TARGET_BUILD_DIR}/${FRAMEWORKS_FOLDER_PATH}/IQKeyboardManagerSwift.framework",
				"${TARGET_BUILD_DIR}/${FRAMEWORKS_FOLDER_PATH}/SideMenu.framework",
			);
			runOnlyForDeploymentPostprocessing = 0;
			shellPath = /bin/sh;
			shellScript = "\"${SRCROOT}/Pods/Target Support Files/Pods-Mysite/Pods-Mysite-frameworks.sh\"\n";
			showEnvVarsInLog = 0;
		};
		8FC8BBD5D452796CE5AEC3CA /* [CP] Copy Pods Resources */ = {
			isa = PBXShellScriptBuildPhase;
			buildActionMask = 2147483647;
			files = (
			);
			inputPaths = (
			);
			name = "[CP] Copy Pods Resources";
			outputPaths = (
			);
			runOnlyForDeploymentPostprocessing = 0;
			shellPath = /bin/sh;
			shellScript = "\"${SRCROOT}/Pods/Target Support Files/Pods-MysiteTests/Pods-MysiteTests-resources.sh\"\n";
			showEnvVarsInLog = 0;
		};
		A97CE287FDD8EC6A9F828D83 /* [CP] Copy Pods Resources */ = {
			isa = PBXShellScriptBuildPhase;
			buildActionMask = 2147483647;
			files = (
			);
			inputPaths = (
			);
			name = "[CP] Copy Pods Resources";
			outputPaths = (
			);
			runOnlyForDeploymentPostprocessing = 0;
			shellPath = /bin/sh;
			shellScript = "\"${SRCROOT}/Pods/Target Support Files/Pods-Mysite/Pods-Mysite-resources.sh\"\n";
			showEnvVarsInLog = 0;
		};
		D3E2980385DAC70084228553 /* [CP] Embed Pods Frameworks */ = {
			isa = PBXShellScriptBuildPhase;
			buildActionMask = 2147483647;
			files = (
			);
			inputPaths = (
			);
			name = "[CP] Embed Pods Frameworks";
			outputPaths = (
			);
			runOnlyForDeploymentPostprocessing = 0;
			shellPath = /bin/sh;
			shellScript = "\"${SRCROOT}/Pods/Target Support Files/Pods-MysiteUITests/Pods-MysiteUITests-frameworks.sh\"\n";
			showEnvVarsInLog = 0;
		};
		D7409AF4AC29F0B65295331A /* [CP] Check Pods Manifest.lock */ = {
			isa = PBXShellScriptBuildPhase;
			buildActionMask = 2147483647;
			files = (
			);
			inputPaths = (
				"${PODS_PODFILE_DIR_PATH}/Podfile.lock",
				"${PODS_ROOT}/Manifest.lock",
			);
			name = "[CP] Check Pods Manifest.lock";
			outputPaths = (
				"$(DERIVED_FILE_DIR)/Pods-Mysite-checkManifestLockResult.txt",
			);
			runOnlyForDeploymentPostprocessing = 0;
			shellPath = /bin/sh;
			shellScript = "diff \"${PODS_PODFILE_DIR_PATH}/Podfile.lock\" \"${PODS_ROOT}/Manifest.lock\" > /dev/null\nif [ $? != 0 ] ; then\n    # print error to STDERR\n    echo \"error: The sandbox is not in sync with the Podfile.lock. Run 'pod install' or update your CocoaPods installation.\" >&2\n    exit 1\nfi\n# This output is used by Xcode 'outputs' to avoid re-running this script phase.\necho \"SUCCESS\" > \"${SCRIPT_OUTPUT_FILE_0}\"\n";
			showEnvVarsInLog = 0;
		};
		F0289F960283386F3ADD8D87 /* [CP] Copy Pods Resources */ = {
			isa = PBXShellScriptBuildPhase;
			buildActionMask = 2147483647;
			files = (
			);
			inputPaths = (
			);
			name = "[CP] Copy Pods Resources";
			outputPaths = (
			);
			runOnlyForDeploymentPostprocessing = 0;
			shellPath = /bin/sh;
			shellScript = "\"${SRCROOT}/Pods/Target Support Files/Pods-MysiteUITests/Pods-MysiteUITests-resources.sh\"\n";
			showEnvVarsInLog = 0;
		};
/* End PBXShellScriptBuildPhase section */

/* Begin PBXSourcesBuildPhase section */
		50967A0E202D5FF100114D8A /* Sources */ = {
			isa = PBXSourcesBuildPhase;
			buildActionMask = 2147483647;
			files = (
				47509941204D6CD3009E854D /* ProjectCollectionViewCell.swift in Sources */,
				4750991E204D1344009E854D /* ProjectsVC.swift in Sources */,
				4750991B204D1344009E854D /* AnnotationPin.swift in Sources */,
				4750993A204D1528009E854D /* CoreDatahandler.swift in Sources */,
				47509926204D1344009E854D /* AppDelegate.swift in Sources */,
				47509925204D1344009E854D /* signupVC.swift in Sources */,
				47509929204D13DD009E854D /* BaseViewController.swift in Sources */,
				47509939204D1528009E854D /* ForDataCatch.swift in Sources */,
				47509921204D1344009E854D /* LoginPart.swift in Sources */,
				D0FBF130204C034F00919FC4 /* CoreDataHandler.swift in Sources */,
				47509923204D1344009E854D /* LoginVO.swift in Sources */,
				4750991F204D1344009E854D /* VideoLoadingVC.swift in Sources */,
				47509924204D1344009E854D /* SignINpart.swift in Sources */,
				4750991C204D1344009E854D /* engineerViewVC.swift in Sources */,
				4750991D204D1344009E854D /* InsideProjectVC.swift in Sources */,
				4750991A204D1344009E854D /* AddStageInsideVC.swift in Sources */,
				47509920204D1344009E854D /* introVC.swift in Sources */,
				47509922204D1344009E854D /* LoginVC.swift in Sources */,
				4750993D204D1668009E854D /* Mysite.xcdatamodeld in Sources */,
				47509935204D146F009E854D /* UserDetails.swift in Sources */,
			);
			runOnlyForDeploymentPostprocessing = 0;
		};
		50967A22202D5FF100114D8A /* Sources */ = {
			isa = PBXSourcesBuildPhase;
			buildActionMask = 2147483647;
			files = (
				50967A2B202D5FF100114D8A /* MysiteTests.swift in Sources */,
			);
			runOnlyForDeploymentPostprocessing = 0;
		};
		50967A2D202D5FF100114D8A /* Sources */ = {
			isa = PBXSourcesBuildPhase;
			buildActionMask = 2147483647;
			files = (
				50967A36202D5FF100114D8A /* MysiteUITests.swift in Sources */,
			);
			runOnlyForDeploymentPostprocessing = 0;
		};
/* End PBXSourcesBuildPhase section */

/* Begin PBXTargetDependency section */
		50967A28202D5FF100114D8A /* PBXTargetDependency */ = {
			isa = PBXTargetDependency;
			target = 50967A11202D5FF100114D8A /* Mysite */;
			targetProxy = 50967A27202D5FF100114D8A /* PBXContainerItemProxy */;
		};
		50967A33202D5FF100114D8A /* PBXTargetDependency */ = {
			isa = PBXTargetDependency;
			target = 50967A11202D5FF100114D8A /* Mysite */;
			targetProxy = 50967A32202D5FF100114D8A /* PBXContainerItemProxy */;
		};
/* End PBXTargetDependency section */

/* Begin PBXVariantGroup section */
		50967A19202D5FF100114D8A /* Main.storyboard */ = {
			isa = PBXVariantGroup;
			children = (
				50967A1A202D5FF100114D8A /* Base */,
			);
			name = Main.storyboard;
			sourceTree = "<group>";
		};
		50967A1E202D5FF100114D8A /* LaunchScreen.storyboard */ = {
			isa = PBXVariantGroup;
			children = (
				50967A1F202D5FF100114D8A /* Base */,
			);
			name = LaunchScreen.storyboard;
			sourceTree = "<group>";
		};
/* End PBXVariantGroup section */

/* Begin XCBuildConfiguration section */
		50967A38202D5FF100114D8A /* Debug */ = {
			isa = XCBuildConfiguration;
			buildSettings = {
				ALWAYS_SEARCH_USER_PATHS = NO;
				CLANG_ANALYZER_NONNULL = YES;
				CLANG_ANALYZER_NUMBER_OBJECT_CONVERSION = YES_AGGRESSIVE;
				CLANG_CXX_LANGUAGE_STANDARD = "gnu++14";
				CLANG_CXX_LIBRARY = "libc++";
				CLANG_ENABLE_MODULES = YES;
				CLANG_ENABLE_OBJC_ARC = YES;
				CLANG_WARN_BLOCK_CAPTURE_AUTORELEASING = YES;
				CLANG_WARN_BOOL_CONVERSION = YES;
				CLANG_WARN_COMMA = YES;
				CLANG_WARN_CONSTANT_CONVERSION = YES;
				CLANG_WARN_DIRECT_OBJC_ISA_USAGE = YES_ERROR;
				CLANG_WARN_DOCUMENTATION_COMMENTS = YES;
				CLANG_WARN_EMPTY_BODY = YES;
				CLANG_WARN_ENUM_CONVERSION = YES;
				CLANG_WARN_INFINITE_RECURSION = YES;
				CLANG_WARN_INT_CONVERSION = YES;
				CLANG_WARN_NON_LITERAL_NULL_CONVERSION = YES;
				CLANG_WARN_OBJC_LITERAL_CONVERSION = YES;
				CLANG_WARN_OBJC_ROOT_CLASS = YES_ERROR;
				CLANG_WARN_RANGE_LOOP_ANALYSIS = YES;
				CLANG_WARN_STRICT_PROTOTYPES = YES;
				CLANG_WARN_SUSPICIOUS_MOVE = YES;
				CLANG_WARN_UNGUARDED_AVAILABILITY = YES_AGGRESSIVE;
				CLANG_WARN_UNREACHABLE_CODE = YES;
				CLANG_WARN__DUPLICATE_METHOD_MATCH = YES;
				CODE_SIGN_IDENTITY = "iPhone Developer";
				COPY_PHASE_STRIP = NO;
				DEBUG_INFORMATION_FORMAT = dwarf;
				ENABLE_STRICT_OBJC_MSGSEND = YES;
				ENABLE_TESTABILITY = YES;
				GCC_C_LANGUAGE_STANDARD = gnu11;
				GCC_DYNAMIC_NO_PIC = NO;
				GCC_NO_COMMON_BLOCKS = YES;
				GCC_OPTIMIZATION_LEVEL = 0;
				GCC_PREPROCESSOR_DEFINITIONS = (
					"DEBUG=1",
					"$(inherited)",
				);
				GCC_WARN_64_TO_32_BIT_CONVERSION = YES;
				GCC_WARN_ABOUT_RETURN_TYPE = YES_ERROR;
				GCC_WARN_UNDECLARED_SELECTOR = YES;
				GCC_WARN_UNINITIALIZED_AUTOS = YES_AGGRESSIVE;
				GCC_WARN_UNUSED_FUNCTION = YES;
				GCC_WARN_UNUSED_VARIABLE = YES;
				IPHONEOS_DEPLOYMENT_TARGET = 11.2;
				MTL_ENABLE_DEBUG_INFO = YES;
				ONLY_ACTIVE_ARCH = YES;
				SDKROOT = iphoneos;
				SWIFT_ACTIVE_COMPILATION_CONDITIONS = DEBUG;
				SWIFT_OPTIMIZATION_LEVEL = "-Onone";
			};
			name = Debug;
		};
		50967A39202D5FF100114D8A /* Release */ = {
			isa = XCBuildConfiguration;
			buildSettings = {
				ALWAYS_SEARCH_USER_PATHS = NO;
				CLANG_ANALYZER_NONNULL = YES;
				CLANG_ANALYZER_NUMBER_OBJECT_CONVERSION = YES_AGGRESSIVE;
				CLANG_CXX_LANGUAGE_STANDARD = "gnu++14";
				CLANG_CXX_LIBRARY = "libc++";
				CLANG_ENABLE_MODULES = YES;
				CLANG_ENABLE_OBJC_ARC = YES;
				CLANG_WARN_BLOCK_CAPTURE_AUTORELEASING = YES;
				CLANG_WARN_BOOL_CONVERSION = YES;
				CLANG_WARN_COMMA = YES;
				CLANG_WARN_CONSTANT_CONVERSION = YES;
				CLANG_WARN_DIRECT_OBJC_ISA_USAGE = YES_ERROR;
				CLANG_WARN_DOCUMENTATION_COMMENTS = YES;
				CLANG_WARN_EMPTY_BODY = YES;
				CLANG_WARN_ENUM_CONVERSION = YES;
				CLANG_WARN_INFINITE_RECURSION = YES;
				CLANG_WARN_INT_CONVERSION = YES;
				CLANG_WARN_NON_LITERAL_NULL_CONVERSION = YES;
				CLANG_WARN_OBJC_LITERAL_CONVERSION = YES;
				CLANG_WARN_OBJC_ROOT_CLASS = YES_ERROR;
				CLANG_WARN_RANGE_LOOP_ANALYSIS = YES;
				CLANG_WARN_STRICT_PROTOTYPES = YES;
				CLANG_WARN_SUSPICIOUS_MOVE = YES;
				CLANG_WARN_UNGUARDED_AVAILABILITY = YES_AGGRESSIVE;
				CLANG_WARN_UNREACHABLE_CODE = YES;
				CLANG_WARN__DUPLICATE_METHOD_MATCH = YES;
				CODE_SIGN_IDENTITY = "iPhone Developer";
				COPY_PHASE_STRIP = NO;
				DEBUG_INFORMATION_FORMAT = "dwarf-with-dsym";
				ENABLE_NS_ASSERTIONS = NO;
				ENABLE_STRICT_OBJC_MSGSEND = YES;
				GCC_C_LANGUAGE_STANDARD = gnu11;
				GCC_NO_COMMON_BLOCKS = YES;
				GCC_WARN_64_TO_32_BIT_CONVERSION = YES;
				GCC_WARN_ABOUT_RETURN_TYPE = YES_ERROR;
				GCC_WARN_UNDECLARED_SELECTOR = YES;
				GCC_WARN_UNINITIALIZED_AUTOS = YES_AGGRESSIVE;
				GCC_WARN_UNUSED_FUNCTION = YES;
				GCC_WARN_UNUSED_VARIABLE = YES;
				IPHONEOS_DEPLOYMENT_TARGET = 11.2;
				MTL_ENABLE_DEBUG_INFO = NO;
				SDKROOT = iphoneos;
				SWIFT_OPTIMIZATION_LEVEL = "-Owholemodule";
				VALIDATE_PRODUCT = YES;
			};
			name = Release;
		};
		50967A3B202D5FF100114D8A /* Debug */ = {
			isa = XCBuildConfiguration;
			baseConfigurationReference = 64EA6ADD2152FA5E784EF194 /* Pods-Mysite.debug.xcconfig */;
			buildSettings = {
				ASSETCATALOG_COMPILER_APPICON_NAME = AppIcon;
				CODE_SIGN_STYLE = Automatic;
				DEVELOPMENT_TEAM = WVYK59KXPF;
				INFOPLIST_FILE = Mysite/Info.plist;
				IPHONEOS_DEPLOYMENT_TARGET = 10.0;
				LD_RUNPATH_SEARCH_PATHS = "$(inherited) @executable_path/Frameworks";
				PRODUCT_BUNDLE_IDENTIFIER = com.codedady.Mysite;
				PRODUCT_NAME = "$(TARGET_NAME)";
				SWIFT_VERSION = 4.0;
				TARGETED_DEVICE_FAMILY = "1,2";
			};
			name = Debug;
		};
		50967A3C202D5FF100114D8A /* Release */ = {
			isa = XCBuildConfiguration;
			baseConfigurationReference = 8BB9B931493F58241BEC8A46 /* Pods-Mysite.release.xcconfig */;
			buildSettings = {
				ASSETCATALOG_COMPILER_APPICON_NAME = AppIcon;
				CODE_SIGN_STYLE = Automatic;
				DEVELOPMENT_TEAM = WVYK59KXPF;
				INFOPLIST_FILE = Mysite/Info.plist;
				IPHONEOS_DEPLOYMENT_TARGET = 10.0;
				LD_RUNPATH_SEARCH_PATHS = "$(inherited) @executable_path/Frameworks";
				PRODUCT_BUNDLE_IDENTIFIER = com.codedady.Mysite;
				PRODUCT_NAME = "$(TARGET_NAME)";
				SWIFT_VERSION = 4.0;
				TARGETED_DEVICE_FAMILY = "1,2";
			};
			name = Release;
		};
		50967A3E202D5FF100114D8A /* Debug */ = {
			isa = XCBuildConfiguration;
			baseConfigurationReference = 5F7E75850C7AEC753B14C548 /* Pods-MysiteTests.debug.xcconfig */;
			buildSettings = {
				ALWAYS_EMBED_SWIFT_STANDARD_LIBRARIES = YES;
				BUNDLE_LOADER = "$(TEST_HOST)";
				CODE_SIGN_STYLE = Automatic;
				INFOPLIST_FILE = MysiteTests/Info.plist;
				LD_RUNPATH_SEARCH_PATHS = "$(inherited) @executable_path/Frameworks @loader_path/Frameworks";
				PRODUCT_BUNDLE_IDENTIFIER = com.codedady.MysiteTests;
				PRODUCT_NAME = "$(TARGET_NAME)";
				SWIFT_VERSION = 4.0;
				TARGETED_DEVICE_FAMILY = "1,2";
				TEST_HOST = "$(BUILT_PRODUCTS_DIR)/Mysite.app/Mysite";
			};
			name = Debug;
		};
		50967A3F202D5FF100114D8A /* Release */ = {
			isa = XCBuildConfiguration;
			baseConfigurationReference = 46323546D6F92A0C181CF886 /* Pods-MysiteTests.release.xcconfig */;
			buildSettings = {
				ALWAYS_EMBED_SWIFT_STANDARD_LIBRARIES = YES;
				BUNDLE_LOADER = "$(TEST_HOST)";
				CODE_SIGN_STYLE = Automatic;
				INFOPLIST_FILE = MysiteTests/Info.plist;
				LD_RUNPATH_SEARCH_PATHS = "$(inherited) @executable_path/Frameworks @loader_path/Frameworks";
				PRODUCT_BUNDLE_IDENTIFIER = com.codedady.MysiteTests;
				PRODUCT_NAME = "$(TARGET_NAME)";
				SWIFT_VERSION = 4.0;
				TARGETED_DEVICE_FAMILY = "1,2";
				TEST_HOST = "$(BUILT_PRODUCTS_DIR)/Mysite.app/Mysite";
			};
			name = Release;
		};
		50967A41202D5FF100114D8A /* Debug */ = {
			isa = XCBuildConfiguration;
			baseConfigurationReference = A77B392F8CF70DB9E02D94E2 /* Pods-MysiteUITests.debug.xcconfig */;
			buildSettings = {
				ALWAYS_EMBED_SWIFT_STANDARD_LIBRARIES = YES;
				CODE_SIGN_STYLE = Automatic;
				INFOPLIST_FILE = MysiteUITests/Info.plist;
				LD_RUNPATH_SEARCH_PATHS = "$(inherited) @executable_path/Frameworks @loader_path/Frameworks";
				PRODUCT_BUNDLE_IDENTIFIER = com.codedady.MysiteUITests;
				PRODUCT_NAME = "$(TARGET_NAME)";
				SWIFT_VERSION = 4.0;
				TARGETED_DEVICE_FAMILY = "1,2";
				TEST_TARGET_NAME = Mysite;
			};
			name = Debug;
		};
		50967A42202D5FF100114D8A /* Release */ = {
			isa = XCBuildConfiguration;
			baseConfigurationReference = 19469F21256E78E544F1ED06 /* Pods-MysiteUITests.release.xcconfig */;
			buildSettings = {
				ALWAYS_EMBED_SWIFT_STANDARD_LIBRARIES = YES;
				CODE_SIGN_STYLE = Automatic;
				INFOPLIST_FILE = MysiteUITests/Info.plist;
				LD_RUNPATH_SEARCH_PATHS = "$(inherited) @executable_path/Frameworks @loader_path/Frameworks";
				PRODUCT_BUNDLE_IDENTIFIER = com.codedady.MysiteUITests;
				PRODUCT_NAME = "$(TARGET_NAME)";
				SWIFT_VERSION = 4.0;
				TARGETED_DEVICE_FAMILY = "1,2";
				TEST_TARGET_NAME = Mysite;
			};
			name = Release;
		};
/* End XCBuildConfiguration section */

/* Begin XCConfigurationList section */
		50967A0D202D5FF100114D8A /* Build configuration list for PBXProject "Mysite" */ = {
			isa = XCConfigurationList;
			buildConfigurations = (
				50967A38202D5FF100114D8A /* Debug */,
				50967A39202D5FF100114D8A /* Release */,
			);
			defaultConfigurationIsVisible = 0;
			defaultConfigurationName = Release;
		};
		50967A3A202D5FF100114D8A /* Build configuration list for PBXNativeTarget "Mysite" */ = {
			isa = XCConfigurationList;
			buildConfigurations = (
				50967A3B202D5FF100114D8A /* Debug */,
				50967A3C202D5FF100114D8A /* Release */,
			);
			defaultConfigurationIsVisible = 0;
			defaultConfigurationName = Release;
		};
		50967A3D202D5FF100114D8A /* Build configuration list for PBXNativeTarget "MysiteTests" */ = {
			isa = XCConfigurationList;
			buildConfigurations = (
				50967A3E202D5FF100114D8A /* Debug */,
				50967A3F202D5FF100114D8A /* Release */,
			);
			defaultConfigurationIsVisible = 0;
			defaultConfigurationName = Release;
		};
		50967A40202D5FF100114D8A /* Build configuration list for PBXNativeTarget "MysiteUITests" */ = {
			isa = XCConfigurationList;
			buildConfigurations = (
				50967A41202D5FF100114D8A /* Debug */,
				50967A42202D5FF100114D8A /* Release */,
			);
			defaultConfigurationIsVisible = 0;
			defaultConfigurationName = Release;
		};
/* End XCConfigurationList section */

/* Begin XCVersionGroup section */
		4750993B204D1667009E854D /* Mysite.xcdatamodeld */ = {
			isa = XCVersionGroup;
			children = (
				4750993C204D1667009E854D /* Mysite.xcdatamodel */,
			);
			currentVersion = 4750993C204D1667009E854D /* Mysite.xcdatamodel */;
			path = Mysite.xcdatamodeld;
			sourceTree = "<group>";
			versionGroupType = wrapper.xcdatamodel;
		};
/* End XCVersionGroup section */
	};
	rootObject = 50967A0A202D5FF100114D8A /* Project object */;
}
